
Microsoft Visual Studio Solution File, Format Version 12.00
# Visual Studio Version 16
VisualStudioVersion = 16.0.29613.14
MinimumVisualStudioVersion = 10.0.40219.1
Project("{FAE04EC0-301F-11D3-BF4B-00C04F79EFBC}") = "MyNotePad", "MyNotePad.csproj", "{2B690454-A239-4EAF-A4EB-5ECF5878A8E8}"
EndProject
Global
	GlobalSection(SolutionConfigurationPlatforms) = preSolution
		Debug|Any CPU = Debug|Any CPU
		Release|Any CPU = Release|Any CPU
	EndGlobalSection
	GlobalSection(ProjectConfigurationPlatforms) = postSolution
		{2B690454-A239-4EAF-A4EB-5ECF5878A8E8}.Debug|Any CPU.ActiveCfg = Debug|Any CPU
		{2B690454-A239-4EAF-A4EB-5ECF5878A8E8}.Debug|Any CPU.Build.0 = Debug|Any CPU
		{2B690454-A239-4EAF-A4EB-5ECF5878A8E8}.Release|Any CPU.ActiveCfg = Release|Any CPU
		{2B690454-A239-4EAF-A4EB-5ECF5878A8E8}.Release|Any CPU.Build.0 = Release|Any CPU
	EndGlobalSection
	GlobalSection(SolutionProperties) = preSolution
		HideSolutionNode = FALSE
	EndGlobalSection
	GlobalSection(ExtensibilityGlobals) = postSolution
		SolutionGuid = {8636C6EA-B942-4933-B4B8-ABB58A652C67}
	EndGlobalSection
EndGlobal
